// !$*UTF8*$!
{
	archiveVersion = 1;
	classes = {
	};
	objectVersion = 56;
	objects = {

/* Begin PBXBuildFile section */
		80186BBE29F8AA01009B410C /* AppDelegate.swift in Sources */ = {isa = PBXBuildFile; fileRef = 80186BBD29F8AA01009B410C /* AppDelegate.swift */; };
		80186BC029F8AA01009B410C /* SceneDelegate.swift in Sources */ = {isa = PBXBuildFile; fileRef = 80186BBF29F8AA01009B410C /* SceneDelegate.swift */; };
		80186BC229F8AA01009B410C /* ViewController.swift in Sources */ = {isa = PBXBuildFile; fileRef = 80186BC129F8AA01009B410C /* ViewController.swift */; };
		80186BC529F8AA01009B410C /* Main.storyboard in Resources */ = {isa = PBXBuildFile; fileRef = 80186BC329F8AA01009B410C /* Main.storyboard */; };
		80186BC729F8AA02009B410C /* Assets.xcassets in Resources */ = {isa = PBXBuildFile; fileRef = 80186BC629F8AA02009B410C /* Assets.xcassets */; };
		80186BCA29F8AA02009B410C /* LaunchScreen.storyboard in Resources */ = {isa = PBXBuildFile; fileRef = 80186BC829F8AA02009B410C /* LaunchScreen.storyboard */; };
		80186BD229F8AF39009B410C /* FoodListTableViewController.swift in Sources */ = {isa = PBXBuildFile; fileRef = 80186BD129F8AF39009B410C /* FoodListTableViewController.swift */; };
		80186BD429F8B056009B410C /* Food.swift in Sources */ = {isa = PBXBuildFile; fileRef = 80186BD329F8B056009B410C /* Food.swift */; };
		80186BD629F8B9DA009B410C /* AddNewFoodItemViewController.swift in Sources */ = {isa = PBXBuildFile; fileRef = 80186BD529F8B9DA009B410C /* AddNewFoodItemViewController.swift */; };
		80186BD829F8BB59009B410C /* UIViewController+displayMessage.swift in Sources */ = {isa = PBXBuildFile; fileRef = 80186BD729F8BB59009B410C /* UIViewController+displayMessage.swift */; };
		80186BDA29F8C4E2009B410C /* UIViewController+formatDateTime.swift in Sources */ = {isa = PBXBuildFile; fileRef = 80186BD929F8C4E2009B410C /* UIViewController+formatDateTime.swift */; };
		80186BDC29F8C7ED009B410C /* AddNewFoodItemDelegate.swift in Sources */ = {isa = PBXBuildFile; fileRef = 80186BDB29F8C7ED009B410C /* AddNewFoodItemDelegate.swift */; };
		80186BDE29F8D82D009B410C /* RecipeSearchTableViewController.swift in Sources */ = {isa = PBXBuildFile; fileRef = 80186BDD29F8D82D009B410C /* RecipeSearchTableViewController.swift */; };
		8025C5072A01C4C5005C381F /* FoodDetailsViewController.swift in Sources */ = {isa = PBXBuildFile; fileRef = 8025C5062A01C4C5005C381F /* FoodDetailsViewController.swift */; };
		8025C50D2A01EEF3005C381F /* AddItemToRecipeSearchTableViewController.swift in Sources */ = {isa = PBXBuildFile; fileRef = 8025C50C2A01EEF3005C381F /* AddItemToRecipeSearchTableViewController.swift */; };
		803F8CF92A01FE650061E39E /* RecipeSearchResultsTableViewController.swift in Sources */ = {isa = PBXBuildFile; fileRef = 803F8CF82A01FE650061E39E /* RecipeSearchResultsTableViewController.swift */; };
		803F8CFB2A02017F0061E39E /* Recipe.swift in Sources */ = {isa = PBXBuildFile; fileRef = 803F8CFA2A02017F0061E39E /* Recipe.swift */; };
		803F8CFF2A0234200061E39E /* RecipeDetailsViewController.swift in Sources */ = {isa = PBXBuildFile; fileRef = 803F8CFE2A0234200061E39E /* RecipeDetailsViewController.swift */; };
		803F8D0C2A0A8C0D0061E39E /* FirebaseAuth in Frameworks */ = {isa = PBXBuildFile; productRef = 803F8D0B2A0A8C0D0061E39E /* FirebaseAuth */; };
		803F8D0E2A0A8C0D0061E39E /* FirebaseFirestore in Frameworks */ = {isa = PBXBuildFile; productRef = 803F8D0D2A0A8C0D0061E39E /* FirebaseFirestore */; };
		803F8D102A0A8C0D0061E39E /* FirebaseFirestoreSwift in Frameworks */ = {isa = PBXBuildFile; productRef = 803F8D0F2A0A8C0D0061E39E /* FirebaseFirestoreSwift */; };
		803F8D122A0B2D000061E39E /* GoogleService-Info.plist in Resources */ = {isa = PBXBuildFile; fileRef = 803F8D112A0B2D000061E39E /* GoogleService-Info.plist */; };
		803F8D142A0B2F840061E39E /* FirebaseController.swift in Sources */ = {isa = PBXBuildFile; fileRef = 803F8D132A0B2F840061E39E /* FirebaseController.swift */; };
		803F8D162A0B2FD20061E39E /* DatabaseProtocol.swift in Sources */ = {isa = PBXBuildFile; fileRef = 803F8D152A0B2FD20061E39E /* DatabaseProtocol.swift */; };
		803F8D182A0B30E60061E39E /* MulticastDelegate.swift in Sources */ = {isa = PBXBuildFile; fileRef = 803F8D172A0B30E60061E39E /* MulticastDelegate.swift */; };
		803F8D1A2A0BF0B30061E39E /* AnalyticsViewController.swift in Sources */ = {isa = PBXBuildFile; fileRef = 803F8D192A0BF0B30061E39E /* AnalyticsViewController.swift */; };
		803F8D1C2A1467F50061E39E /* SettingsTableViewController.swift in Sources */ = {isa = PBXBuildFile; fileRef = 803F8D1B2A1467F50061E39E /* SettingsTableViewController.swift */; };
		803F8D202A1474D50061E39E /* LoginViewController.swift in Sources */ = {isa = PBXBuildFile; fileRef = 803F8D1F2A1474D50061E39E /* LoginViewController.swift */; };
		803F8D222A148AE80061E39E /* AccountViewController.swift in Sources */ = {isa = PBXBuildFile; fileRef = 803F8D212A148AE70061E39E /* AccountViewController.swift */; };
		803F8D242A148BE50061E39E /* SignUpViewController.swift in Sources */ = {isa = PBXBuildFile; fileRef = 803F8D232A148BE50061E39E /* SignUpViewController.swift */; };
		803F8D262A149F570061E39E /* User.swift in Sources */ = {isa = PBXBuildFile; fileRef = 803F8D252A149F570061E39E /* User.swift */; };
		805766A72A1DA31C00CCD0A7 /* ExpiryAlertTableViewController.swift in Sources */ = {isa = PBXBuildFile; fileRef = 805766A62A1DA31C00CCD0A7 /* ExpiryAlertTableViewController.swift */; };
		805766A92A1DAE5200CCD0A7 /* SelectExpiryAlertDelegate.swift in Sources */ = {isa = PBXBuildFile; fileRef = 805766A82A1DAE5200CCD0A7 /* SelectExpiryAlertDelegate.swift */; };
		80BEDCFF2A2FDADB0046C2EF /* UIViewController+setExpiryAlert.swift in Sources */ = {isa = PBXBuildFile; fileRef = 80BEDCFE2A2FDADB0046C2EF /* UIViewController+setExpiryAlert.swift */; };
		80BEDD012A2FDFFC0046C2EF /* UIViewController+displayDateTimePicker.swift in Sources */ = {isa = PBXBuildFile; fileRef = 80BEDD002A2FDFFC0046C2EF /* UIViewController+displayDateTimePicker.swift */; };
		80BEDD032A30028B0046C2EF /* UIViewController+setAppearance.swift in Sources */ = {isa = PBXBuildFile; fileRef = 80BEDD022A30028B0046C2EF /* UIViewController+setAppearance.swift */; };
/* End PBXBuildFile section */

/* Begin PBXFileReference section */
		80186BBA29F8AA01009B410C /* FIT3178-Crumbless.app */ = {isa = PBXFileReference; explicitFileType = wrapper.application; includeInIndex = 0; path = "FIT3178-Crumbless.app"; sourceTree = BUILT_PRODUCTS_DIR; };
		80186BBD29F8AA01009B410C /* AppDelegate.swift */ = {isa = PBXFileReference; lastKnownFileType = sourcecode.swift; path = AppDelegate.swift; sourceTree = "<group>"; };
		80186BBF29F8AA01009B410C /* SceneDelegate.swift */ = {isa = PBXFileReference; lastKnownFileType = sourcecode.swift; path = SceneDelegate.swift; sourceTree = "<group>"; };
		80186BC129F8AA01009B410C /* ViewController.swift */ = {isa = PBXFileReference; lastKnownFileType = sourcecode.swift; path = ViewController.swift; sourceTree = "<group>"; };
		80186BC429F8AA01009B410C /* Base */ = {isa = PBXFileReference; lastKnownFileType = file.storyboard; name = Base; path = Base.lproj/Main.storyboard; sourceTree = "<group>"; };
		80186BC629F8AA02009B410C /* Assets.xcassets */ = {isa = PBXFileReference; lastKnownFileType = folder.assetcatalog; path = Assets.xcassets; sourceTree = "<group>"; };
		80186BC929F8AA02009B410C /* Base */ = {isa = PBXFileReference; lastKnownFileType = file.storyboard; name = Base; path = Base.lproj/LaunchScreen.storyboard; sourceTree = "<group>"; };
		80186BCB29F8AA02009B410C /* Info.plist */ = {isa = PBXFileReference; lastKnownFileType = text.plist.xml; path = Info.plist; sourceTree = "<group>"; };
		80186BD129F8AF39009B410C /* FoodListTableViewController.swift */ = {isa = PBXFileReference; lastKnownFileType = sourcecode.swift; path = FoodListTableViewController.swift; sourceTree = "<group>"; };
		80186BD329F8B056009B410C /* Food.swift */ = {isa = PBXFileReference; lastKnownFileType = sourcecode.swift; path = Food.swift; sourceTree = "<group>"; };
		80186BD529F8B9DA009B410C /* AddNewFoodItemViewController.swift */ = {isa = PBXFileReference; lastKnownFileType = sourcecode.swift; path = AddNewFoodItemViewController.swift; sourceTree = "<group>"; };
		80186BD729F8BB59009B410C /* UIViewController+displayMessage.swift */ = {isa = PBXFileReference; lastKnownFileType = sourcecode.swift; path = "UIViewController+displayMessage.swift"; sourceTree = "<group>"; };
		80186BD929F8C4E2009B410C /* UIViewController+formatDateTime.swift */ = {isa = PBXFileReference; lastKnownFileType = sourcecode.swift; path = "UIViewController+formatDateTime.swift"; sourceTree = "<group>"; };
		80186BDB29F8C7ED009B410C /* AddNewFoodItemDelegate.swift */ = {isa = PBXFileReference; lastKnownFileType = sourcecode.swift; path = AddNewFoodItemDelegate.swift; sourceTree = "<group>"; };
		80186BDD29F8D82D009B410C /* RecipeSearchTableViewController.swift */ = {isa = PBXFileReference; lastKnownFileType = sourcecode.swift; path = RecipeSearchTableViewController.swift; sourceTree = "<group>"; };
		8025C5062A01C4C5005C381F /* FoodDetailsViewController.swift */ = {isa = PBXFileReference; lastKnownFileType = sourcecode.swift; path = FoodDetailsViewController.swift; sourceTree = "<group>"; };
		8025C50C2A01EEF3005C381F /* AddItemToRecipeSearchTableViewController.swift */ = {isa = PBXFileReference; lastKnownFileType = sourcecode.swift; path = AddItemToRecipeSearchTableViewController.swift; sourceTree = "<group>"; };
		803F8CF82A01FE650061E39E /* RecipeSearchResultsTableViewController.swift */ = {isa = PBXFileReference; lastKnownFileType = sourcecode.swift; path = RecipeSearchResultsTableViewController.swift; sourceTree = "<group>"; };
		803F8CFA2A02017F0061E39E /* Recipe.swift */ = {isa = PBXFileReference; lastKnownFileType = sourcecode.swift; path = Recipe.swift; sourceTree = "<group>"; };
		803F8CFE2A0234200061E39E /* RecipeDetailsViewController.swift */ = {isa = PBXFileReference; lastKnownFileType = sourcecode.swift; path = RecipeDetailsViewController.swift; sourceTree = "<group>"; };
		803F8D112A0B2D000061E39E /* GoogleService-Info.plist */ = {isa = PBXFileReference; lastKnownFileType = text.plist; path = "GoogleService-Info.plist"; sourceTree = SOURCE_ROOT; };
		803F8D132A0B2F840061E39E /* FirebaseController.swift */ = {isa = PBXFileReference; lastKnownFileType = sourcecode.swift; path = FirebaseController.swift; sourceTree = "<group>"; };
		803F8D152A0B2FD20061E39E /* DatabaseProtocol.swift */ = {isa = PBXFileReference; lastKnownFileType = sourcecode.swift; path = DatabaseProtocol.swift; sourceTree = "<group>"; };
		803F8D172A0B30E60061E39E /* MulticastDelegate.swift */ = {isa = PBXFileReference; lastKnownFileType = sourcecode.swift; path = MulticastDelegate.swift; sourceTree = "<group>"; };
		803F8D192A0BF0B30061E39E /* AnalyticsViewController.swift */ = {isa = PBXFileReference; lastKnownFileType = sourcecode.swift; path = AnalyticsViewController.swift; sourceTree = "<group>"; };
		803F8D1B2A1467F50061E39E /* SettingsTableViewController.swift */ = {isa = PBXFileReference; lastKnownFileType = sourcecode.swift; path = SettingsTableViewController.swift; sourceTree = "<group>"; };
		803F8D1F2A1474D50061E39E /* LoginViewController.swift */ = {isa = PBXFileReference; lastKnownFileType = sourcecode.swift; path = LoginViewController.swift; sourceTree = "<group>"; };
		803F8D212A148AE70061E39E /* AccountViewController.swift */ = {isa = PBXFileReference; lastKnownFileType = sourcecode.swift; path = AccountViewController.swift; sourceTree = "<group>"; };
		803F8D232A148BE50061E39E /* SignUpViewController.swift */ = {isa = PBXFileReference; lastKnownFileType = sourcecode.swift; path = SignUpViewController.swift; sourceTree = "<group>"; };
		803F8D252A149F570061E39E /* User.swift */ = {isa = PBXFileReference; lastKnownFileType = sourcecode.swift; path = User.swift; sourceTree = "<group>"; };
		805766A62A1DA31C00CCD0A7 /* ExpiryAlertTableViewController.swift */ = {isa = PBXFileReference; lastKnownFileType = sourcecode.swift; path = ExpiryAlertTableViewController.swift; sourceTree = "<group>"; };
		805766A82A1DAE5200CCD0A7 /* SelectExpiryAlertDelegate.swift */ = {isa = PBXFileReference; lastKnownFileType = sourcecode.swift; path = SelectExpiryAlertDelegate.swift; sourceTree = "<group>"; };
		80BEDCFE2A2FDADB0046C2EF /* UIViewController+setExpiryAlert.swift */ = {isa = PBXFileReference; lastKnownFileType = sourcecode.swift; path = "UIViewController+setExpiryAlert.swift"; sourceTree = "<group>"; };
		80BEDD002A2FDFFC0046C2EF /* UIViewController+displayDateTimePicker.swift */ = {isa = PBXFileReference; lastKnownFileType = sourcecode.swift; path = "UIViewController+displayDateTimePicker.swift"; sourceTree = "<group>"; };
		80BEDD022A30028B0046C2EF /* UIViewController+setAppearance.swift */ = {isa = PBXFileReference; lastKnownFileType = sourcecode.swift; path = "UIViewController+setAppearance.swift"; sourceTree = "<group>"; };
/* End PBXFileReference section */

/* Begin PBXFrameworksBuildPhase section */
		80186BB729F8AA01009B410C /* Frameworks */ = {
			isa = PBXFrameworksBuildPhase;
			buildActionMask = 2147483647;
			files = (
				803F8D0C2A0A8C0D0061E39E /* FirebaseAuth in Frameworks */,
				803F8D0E2A0A8C0D0061E39E /* FirebaseFirestore in Frameworks */,
				803F8D102A0A8C0D0061E39E /* FirebaseFirestoreSwift in Frameworks */,
			);
			runOnlyForDeploymentPostprocessing = 0;
		};
/* End PBXFrameworksBuildPhase section */

/* Begin PBXGroup section */
		80186BB129F8AA01009B410C = {
			isa = PBXGroup;
			children = (
				80186BBC29F8AA01009B410C /* FIT3178-Crumbless */,
				80186BBB29F8AA01009B410C /* Products */,
			);
			sourceTree = "<group>";
		};
		80186BBB29F8AA01009B410C /* Products */ = {
			isa = PBXGroup;
			children = (
				80186BBA29F8AA01009B410C /* FIT3178-Crumbless.app */,
			);
			name = Products;
			sourceTree = "<group>";
		};
		80186BBC29F8AA01009B410C /* FIT3178-Crumbless */ = {
			isa = PBXGroup;
			children = (
				803F8D112A0B2D000061E39E /* GoogleService-Info.plist */,
				80186BBD29F8AA01009B410C /* AppDelegate.swift */,
				80186BBF29F8AA01009B410C /* SceneDelegate.swift */,
				80186BC129F8AA01009B410C /* ViewController.swift */,
				80BEDD022A30028B0046C2EF /* UIViewController+setAppearance.swift */,
				80186BD729F8BB59009B410C /* UIViewController+displayMessage.swift */,
				80BEDD002A2FDFFC0046C2EF /* UIViewController+displayDateTimePicker.swift */,
				80186BD929F8C4E2009B410C /* UIViewController+formatDateTime.swift */,
				80BEDCFE2A2FDADB0046C2EF /* UIViewController+setExpiryAlert.swift */,
				803F8D172A0B30E60061E39E /* MulticastDelegate.swift */,
				80186BC329F8AA01009B410C /* Main.storyboard */,
				80186BC629F8AA02009B410C /* Assets.xcassets */,
				80186BC829F8AA02009B410C /* LaunchScreen.storyboard */,
				80186BCB29F8AA02009B410C /* Info.plist */,
				803F8D152A0B2FD20061E39E /* DatabaseProtocol.swift */,
				803F8D132A0B2F840061E39E /* FirebaseController.swift */,
				80186BD329F8B056009B410C /* Food.swift */,
				80186BD129F8AF39009B410C /* FoodListTableViewController.swift */,
				80186BD529F8B9DA009B410C /* AddNewFoodItemViewController.swift */,
				805766A62A1DA31C00CCD0A7 /* ExpiryAlertTableViewController.swift */,
				805766A82A1DAE5200CCD0A7 /* SelectExpiryAlertDelegate.swift */,
				8025C5062A01C4C5005C381F /* FoodDetailsViewController.swift */,
				803F8CFA2A02017F0061E39E /* Recipe.swift */,
				80186BDD29F8D82D009B410C /* RecipeSearchTableViewController.swift */,
				80186BDB29F8C7ED009B410C /* AddNewFoodItemDelegate.swift */,
				8025C50C2A01EEF3005C381F /* AddItemToRecipeSearchTableViewController.swift */,
				803F8CF82A01FE650061E39E /* RecipeSearchResultsTableViewController.swift */,
				803F8CFE2A0234200061E39E /* RecipeDetailsViewController.swift */,
				803F8D192A0BF0B30061E39E /* AnalyticsViewController.swift */,
				803F8D1B2A1467F50061E39E /* SettingsTableViewController.swift */,
				803F8D252A149F570061E39E /* User.swift */,
				803F8D212A148AE70061E39E /* AccountViewController.swift */,
				803F8D1F2A1474D50061E39E /* LoginViewController.swift */,
				803F8D232A148BE50061E39E /* SignUpViewController.swift */,
			);
			path = "FIT3178-Crumbless";
			sourceTree = "<group>";
		};
/* End PBXGroup section */

/* Begin PBXNativeTarget section */
		80186BB929F8AA01009B410C /* FIT3178-Crumbless */ = {
			isa = PBXNativeTarget;
			buildConfigurationList = 80186BCE29F8AA02009B410C /* Build configuration list for PBXNativeTarget "FIT3178-Crumbless" */;
			buildPhases = (
				80186BB629F8AA01009B410C /* Sources */,
				80186BB729F8AA01009B410C /* Frameworks */,
				80186BB829F8AA01009B410C /* Resources */,
			);
			buildRules = (
			);
			dependencies = (
			);
			name = "FIT3178-Crumbless";
			packageProductDependencies = (
				803F8D0B2A0A8C0D0061E39E /* FirebaseAuth */,
				803F8D0D2A0A8C0D0061E39E /* FirebaseFirestore */,
				803F8D0F2A0A8C0D0061E39E /* FirebaseFirestoreSwift */,
			);
			productName = "FIT3178-Crumbless";
			productReference = 80186BBA29F8AA01009B410C /* FIT3178-Crumbless.app */;
			productType = "com.apple.product-type.application";
		};
/* End PBXNativeTarget section */

/* Begin PBXProject section */
		80186BB229F8AA01009B410C /* Project object */ = {
			isa = PBXProject;
			attributes = {
				BuildIndependentTargetsInParallel = 1;
				LastSwiftUpdateCheck = 1420;
				LastUpgradeCheck = 1420;
				TargetAttributes = {
					80186BB929F8AA01009B410C = {
						CreatedOnToolsVersion = 14.2;
					};
				};
			};
			buildConfigurationList = 80186BB529F8AA01009B410C /* Build configuration list for PBXProject "FIT3178-Crumbless" */;
			compatibilityVersion = "Xcode 14.0";
			developmentRegion = en;
			hasScannedForEncodings = 0;
			knownRegions = (
				en,
				Base,
			);
			mainGroup = 80186BB129F8AA01009B410C;
			packageReferences = (
				803F8D0A2A0A8C0D0061E39E /* XCRemoteSwiftPackageReference "firebase-ios-sdk" */,
			);
			productRefGroup = 80186BBB29F8AA01009B410C /* Products */;
			projectDirPath = "";
			projectRoot = "";
			targets = (
				80186BB929F8AA01009B410C /* FIT3178-Crumbless */,
			);
		};
/* End PBXProject section */

/* Begin PBXResourcesBuildPhase section */
		80186BB829F8AA01009B410C /* Resources */ = {
			isa = PBXResourcesBuildPhase;
			buildActionMask = 2147483647;
			files = (
				80186BCA29F8AA02009B410C /* LaunchScreen.storyboard in Resources */,
				803F8D122A0B2D000061E39E /* GoogleService-Info.plist in Resources */,
				80186BC729F8AA02009B410C /* Assets.xcassets in Resources */,
				80186BC529F8AA01009B410C /* Main.storyboard in Resources */,
			);
			runOnlyForDeploymentPostprocessing = 0;
		};
/* End PBXResourcesBuildPhase section */

/* Begin PBXSourcesBuildPhase section */
		80186BB629F8AA01009B410C /* Sources */ = {
			isa = PBXSourcesBuildPhase;
			buildActionMask = 2147483647;
			files = (
				80186BC229F8AA01009B410C /* ViewController.swift in Sources */,
				80186BDE29F8D82D009B410C /* RecipeSearchTableViewController.swift in Sources */,
				803F8D262A149F570061E39E /* User.swift in Sources */,
				80186BDA29F8C4E2009B410C /* UIViewController+formatDateTime.swift in Sources */,
				8025C5072A01C4C5005C381F /* FoodDetailsViewController.swift in Sources */,
				80186BD229F8AF39009B410C /* FoodListTableViewController.swift in Sources */,
				80186BD429F8B056009B410C /* Food.swift in Sources */,
				803F8D1A2A0BF0B30061E39E /* AnalyticsViewController.swift in Sources */,
				80186BBE29F8AA01009B410C /* AppDelegate.swift in Sources */,
				803F8D162A0B2FD20061E39E /* DatabaseProtocol.swift in Sources */,
				805766A72A1DA31C00CCD0A7 /* ExpiryAlertTableViewController.swift in Sources */,
				803F8D202A1474D50061E39E /* LoginViewController.swift in Sources */,
				803F8D142A0B2F840061E39E /* FirebaseController.swift in Sources */,
				803F8CF92A01FE650061E39E /* RecipeSearchResultsTableViewController.swift in Sources */,
				803F8CFB2A02017F0061E39E /* Recipe.swift in Sources */,
				803F8D182A0B30E60061E39E /* MulticastDelegate.swift in Sources */,
				8025C50D2A01EEF3005C381F /* AddItemToRecipeSearchTableViewController.swift in Sources */,
				803F8D222A148AE80061E39E /* AccountViewController.swift in Sources */,
				803F8CFF2A0234200061E39E /* RecipeDetailsViewController.swift in Sources */,
				803F8D242A148BE50061E39E /* SignUpViewController.swift in Sources */,
				805766A92A1DAE5200CCD0A7 /* SelectExpiryAlertDelegate.swift in Sources */,
				80BEDD032A30028B0046C2EF /* UIViewController+setAppearance.swift in Sources */,
				80186BD829F8BB59009B410C /* UIViewController+displayMessage.swift in Sources */,
				80BEDD012A2FDFFC0046C2EF /* UIViewController+displayDateTimePicker.swift in Sources */,
				803F8D1C2A1467F50061E39E /* SettingsTableViewController.swift in Sources */,
				80BEDCFF2A2FDADB0046C2EF /* UIViewController+setExpiryAlert.swift in Sources */,
				80186BD629F8B9DA009B410C /* AddNewFoodItemViewController.swift in Sources */,
				80186BC029F8AA01009B410C /* SceneDelegate.swift in Sources */,
				80186BDC29F8C7ED009B410C /* AddNewFoodItemDelegate.swift in Sources */,
			);
			runOnlyForDeploymentPostprocessing = 0;
		};
/* End PBXSourcesBuildPhase section */

/* Begin PBXVariantGroup section */
		80186BC329F8AA01009B410C /* Main.storyboard */ = {
			isa = PBXVariantGroup;
			children = (
				80186BC429F8AA01009B410C /* Base */,
			);
			name = Main.storyboard;
			sourceTree = "<group>";
		};
		80186BC829F8AA02009B410C /* LaunchScreen.storyboard */ = {
			isa = PBXVariantGroup;
			children = (
				80186BC929F8AA02009B410C /* Base */,
			);
			name = LaunchScreen.storyboard;
			sourceTree = "<group>";
		};
/* End PBXVariantGroup section */

/* Begin XCBuildConfiguration section */
		80186BCC29F8AA02009B410C /* Debug */ = {
			isa = XCBuildConfiguration;
			buildSettings = {
				ALWAYS_SEARCH_USER_PATHS = NO;
				CLANG_ANALYZER_NONNULL = YES;
				CLANG_ANALYZER_NUMBER_OBJECT_CONVERSION = YES_AGGRESSIVE;
				CLANG_CXX_LANGUAGE_STANDARD = "gnu++20";
				CLANG_ENABLE_MODULES = YES;
				CLANG_ENABLE_OBJC_ARC = YES;
				CLANG_ENABLE_OBJC_WEAK = YES;
				CLANG_WARN_BLOCK_CAPTURE_AUTORELEASING = YES;
				CLANG_WARN_BOOL_CONVERSION = YES;
				CLANG_WARN_COMMA = YES;
				CLANG_WARN_CONSTANT_CONVERSION = YES;
				CLANG_WARN_DEPRECATED_OBJC_IMPLEMENTATIONS = YES;
				CLANG_WARN_DIRECT_OBJC_ISA_USAGE = YES_ERROR;
				CLANG_WARN_DOCUMENTATION_COMMENTS = YES;
				CLANG_WARN_EMPTY_BODY = YES;
				CLANG_WARN_ENUM_CONVERSION = YES;
				CLANG_WARN_INFINITE_RECURSION = YES;
				CLANG_WARN_INT_CONVERSION = YES;
				CLANG_WARN_NON_LITERAL_NULL_CONVERSION = YES;
				CLANG_WARN_OBJC_IMPLICIT_RETAIN_SELF = YES;
				CLANG_WARN_OBJC_LITERAL_CONVERSION = YES;
				CLANG_WARN_OBJC_ROOT_CLASS = YES_ERROR;
				CLANG_WARN_QUOTED_INCLUDE_IN_FRAMEWORK_HEADER = YES;
				CLANG_WARN_RANGE_LOOP_ANALYSIS = YES;
				CLANG_WARN_STRICT_PROTOTYPES = YES;
				CLANG_WARN_SUSPICIOUS_MOVE = YES;
				CLANG_WARN_UNGUARDED_AVAILABILITY = YES_AGGRESSIVE;
				CLANG_WARN_UNREACHABLE_CODE = YES;
				CLANG_WARN__DUPLICATE_METHOD_MATCH = YES;
				COPY_PHASE_STRIP = NO;
				DEBUG_INFORMATION_FORMAT = dwarf;
				ENABLE_STRICT_OBJC_MSGSEND = YES;
				ENABLE_TESTABILITY = YES;
				GCC_C_LANGUAGE_STANDARD = gnu11;
				GCC_DYNAMIC_NO_PIC = NO;
				GCC_NO_COMMON_BLOCKS = YES;
				GCC_OPTIMIZATION_LEVEL = 0;
				GCC_PREPROCESSOR_DEFINITIONS = (
					"DEBUG=1",
					"$(inherited)",
				);
				GCC_WARN_64_TO_32_BIT_CONVERSION = YES;
				GCC_WARN_ABOUT_RETURN_TYPE = YES_ERROR;
				GCC_WARN_UNDECLARED_SELECTOR = YES;
				GCC_WARN_UNINITIALIZED_AUTOS = YES_AGGRESSIVE;
				GCC_WARN_UNUSED_FUNCTION = YES;
				GCC_WARN_UNUSED_VARIABLE = YES;
				IPHONEOS_DEPLOYMENT_TARGET = 16.2;
				MTL_ENABLE_DEBUG_INFO = INCLUDE_SOURCE;
				MTL_FAST_MATH = YES;
				ONLY_ACTIVE_ARCH = YES;
				SDKROOT = iphoneos;
				SWIFT_ACTIVE_COMPILATION_CONDITIONS = DEBUG;
				SWIFT_OPTIMIZATION_LEVEL = "-Onone";
			};
			name = Debug;
		};
		80186BCD29F8AA02009B410C /* Release */ = {
			isa = XCBuildConfiguration;
			buildSettings = {
				ALWAYS_SEARCH_USER_PATHS = NO;
				CLANG_ANALYZER_NONNULL = YES;
				CLANG_ANALYZER_NUMBER_OBJECT_CONVERSION = YES_AGGRESSIVE;
				CLANG_CXX_LANGUAGE_STANDARD = "gnu++20";
				CLANG_ENABLE_MODULES = YES;
				CLANG_ENABLE_OBJC_ARC = YES;
				CLANG_ENABLE_OBJC_WEAK = YES;
				CLANG_WARN_BLOCK_CAPTURE_AUTORELEASING = YES;
				CLANG_WARN_BOOL_CONVERSION = YES;
				CLANG_WARN_COMMA = YES;
				CLANG_WARN_CONSTANT_CONVERSION = YES;
				CLANG_WARN_DEPRECATED_OBJC_IMPLEMENTATIONS = YES;
				CLANG_WARN_DIRECT_OBJC_ISA_USAGE = YES_ERROR;
				CLANG_WARN_DOCUMENTATION_COMMENTS = YES;
				CLANG_WARN_EMPTY_BODY = YES;
				CLANG_WARN_ENUM_CONVERSION = YES;
				CLANG_WARN_INFINITE_RECURSION = YES;
				CLANG_WARN_INT_CONVERSION = YES;
				CLANG_WARN_NON_LITERAL_NULL_CONVERSION = YES;
				CLANG_WARN_OBJC_IMPLICIT_RETAIN_SELF = YES;
				CLANG_WARN_OBJC_LITERAL_CONVERSION = YES;
				CLANG_WARN_OBJC_ROOT_CLASS = YES_ERROR;
				CLANG_WARN_QUOTED_INCLUDE_IN_FRAMEWORK_HEADER = YES;
				CLANG_WARN_RANGE_LOOP_ANALYSIS = YES;
				CLANG_WARN_STRICT_PROTOTYPES = YES;
				CLANG_WARN_SUSPICIOUS_MOVE = YES;
				CLANG_WARN_UNGUARDED_AVAILABILITY = YES_AGGRESSIVE;
				CLANG_WARN_UNREACHABLE_CODE = YES;
				CLANG_WARN__DUPLICATE_METHOD_MATCH = YES;
				COPY_PHASE_STRIP = NO;
				DEBUG_INFORMATION_FORMAT = "dwarf-with-dsym";
				ENABLE_NS_ASSERTIONS = NO;
				ENABLE_STRICT_OBJC_MSGSEND = YES;
				GCC_C_LANGUAGE_STANDARD = gnu11;
				GCC_NO_COMMON_BLOCKS = YES;
				GCC_WARN_64_TO_32_BIT_CONVERSION = YES;
				GCC_WARN_ABOUT_RETURN_TYPE = YES_ERROR;
				GCC_WARN_UNDECLARED_SELECTOR = YES;
				GCC_WARN_UNINITIALIZED_AUTOS = YES_AGGRESSIVE;
				GCC_WARN_UNUSED_FUNCTION = YES;
				GCC_WARN_UNUSED_VARIABLE = YES;
				IPHONEOS_DEPLOYMENT_TARGET = 16.2;
				MTL_ENABLE_DEBUG_INFO = NO;
				MTL_FAST_MATH = YES;
				SDKROOT = iphoneos;
				SWIFT_COMPILATION_MODE = wholemodule;
				SWIFT_OPTIMIZATION_LEVEL = "-O";
				VALIDATE_PRODUCT = YES;
			};
			name = Release;
		};
		80186BCF29F8AA02009B410C /* Debug */ = {
			isa = XCBuildConfiguration;
			buildSettings = {
				ASSETCATALOG_COMPILER_APPICON_NAME = AppIcon;
				ASSETCATALOG_COMPILER_GLOBAL_ACCENT_COLOR_NAME = AccentColor;
				CODE_SIGN_STYLE = Automatic;
				CURRENT_PROJECT_VERSION = 1;
				GENERATE_INFOPLIST_FILE = YES;
				INFOPLIST_FILE = "FIT3178-Crumbless/Info.plist";
				INFOPLIST_KEY_UIApplicationSupportsIndirectInputEvents = YES;
				INFOPLIST_KEY_UILaunchStoryboardName = LaunchScreen;
				INFOPLIST_KEY_UIMainStoryboardFile = Main;
				INFOPLIST_KEY_UISupportedInterfaceOrientations_iPad = "UIInterfaceOrientationPortrait UIInterfaceOrientationPortraitUpsideDown UIInterfaceOrientationLandscapeLeft UIInterfaceOrientationLandscapeRight";
				INFOPLIST_KEY_UISupportedInterfaceOrientations_iPhone = "UIInterfaceOrientationPortrait UIInterfaceOrientationLandscapeLeft UIInterfaceOrientationLandscapeRight";
				LD_RUNPATH_SEARCH_PATHS = (
					"$(inherited)",
					"@executable_path/Frameworks",
				);
				MARKETING_VERSION = 1.0;
				PRODUCT_BUNDLE_IDENTIFIER = "edu.monash.FIT3178-Crumbless";
				PRODUCT_NAME = "$(TARGET_NAME)";
				SWIFT_EMIT_LOC_STRINGS = YES;
				SWIFT_VERSION = 5.0;
				TARGETED_DEVICE_FAMILY = "1,2";
			};
			name = Debug;
		};
		80186BD029F8AA02009B410C /* Release */ = {
			isa = XCBuildConfiguration;
			buildSettings = {
				ASSETCATALOG_COMPILER_APPICON_NAME = AppIcon;
				ASSETCATALOG_COMPILER_GLOBAL_ACCENT_COLOR_NAME = AccentColor;
				CODE_SIGN_STYLE = Automatic;
				CURRENT_PROJECT_VERSION = 1;
				GENERATE_INFOPLIST_FILE = YES;
				INFOPLIST_FILE = "FIT3178-Crumbless/Info.plist";
				INFOPLIST_KEY_UIApplicationSupportsIndirectInputEvents = YES;
				INFOPLIST_KEY_UILaunchStoryboardName = LaunchScreen;
				INFOPLIST_KEY_UIMainStoryboardFile = Main;
				INFOPLIST_KEY_UISupportedInterfaceOrientations_iPad = "UIInterfaceOrientationPortrait UIInterfaceOrientationPortraitUpsideDown UIInterfaceOrientationLandscapeLeft UIInterfaceOrientationLandscapeRight";
				INFOPLIST_KEY_UISupportedInterfaceOrientations_iPhone = "UIInterfaceOrientationPortrait UIInterfaceOrientationLandscapeLeft UIInterfaceOrientationLandscapeRight";
				LD_RUNPATH_SEARCH_PATHS = (
					"$(inherited)",
					"@executable_path/Frameworks",
				);
				MARKETING_VERSION = 1.0;
				PRODUCT_BUNDLE_IDENTIFIER = "edu.monash.FIT3178-Crumbless";
				PRODUCT_NAME = "$(TARGET_NAME)";
				SWIFT_EMIT_LOC_STRINGS = YES;
				SWIFT_VERSION = 5.0;
				TARGETED_DEVICE_FAMILY = "1,2";
			};
			name = Release;
		};
/* End XCBuildConfiguration section */

/* Begin XCConfigurationList section */
		80186BB529F8AA01009B410C /* Build configuration list for PBXProject "FIT3178-Crumbless" */ = {
			isa = XCConfigurationList;
			buildConfigurations = (
				80186BCC29F8AA02009B410C /* Debug */,
				80186BCD29F8AA02009B410C /* Release */,
			);
			defaultConfigurationIsVisible = 0;
			defaultConfigurationName = Release;
		};
		80186BCE29F8AA02009B410C /* Build configuration list for PBXNativeTarget "FIT3178-Crumbless" */ = {
			isa = XCConfigurationList;
			buildConfigurations = (
				80186BCF29F8AA02009B410C /* Debug */,
				80186BD029F8AA02009B410C /* Release */,
			);
			defaultConfigurationIsVisible = 0;
			defaultConfigurationName = Release;
		};
/* End XCConfigurationList section */

/* Begin XCRemoteSwiftPackageReference section */
		803F8D0A2A0A8C0D0061E39E /* XCRemoteSwiftPackageReference "firebase-ios-sdk" */ = {
			isa = XCRemoteSwiftPackageReference;
			repositoryURL = "https://github.com/firebase/firebase-ios-sdk.git";
			requirement = {
				kind = upToNextMajorVersion;
				minimumVersion = 9.0.0;
			};
		};
/* End XCRemoteSwiftPackageReference section */

/* Begin XCSwiftPackageProductDependency section */
		803F8D0B2A0A8C0D0061E39E /* FirebaseAuth */ = {
			isa = XCSwiftPackageProductDependency;
			package = 803F8D0A2A0A8C0D0061E39E /* XCRemoteSwiftPackageReference "firebase-ios-sdk" */;
			productName = FirebaseAuth;
		};
		803F8D0D2A0A8C0D0061E39E /* FirebaseFirestore */ = {
			isa = XCSwiftPackageProductDependency;
			package = 803F8D0A2A0A8C0D0061E39E /* XCRemoteSwiftPackageReference "firebase-ios-sdk" */;
			productName = FirebaseFirestore;
		};
		803F8D0F2A0A8C0D0061E39E /* FirebaseFirestoreSwift */ = {
			isa = XCSwiftPackageProductDependency;
			package = 803F8D0A2A0A8C0D0061E39E /* XCRemoteSwiftPackageReference "firebase-ios-sdk" */;
			productName = FirebaseFirestoreSwift;
		};
/* End XCSwiftPackageProductDependency section */
	};
	rootObject = 80186BB229F8AA01009B410C /* Project object */;
}
