// !$*UTF8*$!
{
	archiveVersion = 1;
	classes = {
	};
	objectVersion = 56;
	objects = {

/* Begin PBXBuildFile section */
		80186BBE29F8AA01009B410C /* AppDelegate.swift in Sources */ = {isa = PBXBuildFile; fileRef = 80186BBD29F8AA01009B410C /* AppDelegate.swift */; };
		80186BC029F8AA01009B410C /* SceneDelegate.swift in Sources */ = {isa = PBXBuildFile; fileRef = 80186BBF29F8AA01009B410C /* SceneDelegate.swift */; };
		80186BC229F8AA01009B410C /* ViewController.swift in Sources */ = {isa = PBXBuildFile; fileRef = 80186BC129F8AA01009B410C /* ViewController.swift */; };
		80186BC529F8AA01009B410C /* Main.storyboard in Resources */ = {isa = PBXBuildFile; fileRef = 80186BC329F8AA01009B410C /* Main.storyboard */; };
		80186BC729F8AA02009B410C /* Assets.xcassets in Resources */ = {isa = PBXBuildFile; fileRef = 80186BC629F8AA02009B410C /* Assets.xcassets */; };
		80186BCA29F8AA02009B410C /* LaunchScreen.storyboard in Resources */ = {isa = PBXBuildFile; fileRef = 80186BC829F8AA02009B410C /* LaunchScreen.storyboard */; };
		80186BD229F8AF39009B410C /* FoodListTableViewController.swift in Sources */ = {isa = PBXBuildFile; fileRef = 80186BD129F8AF39009B410C /* FoodListTableViewController.swift */; };
		80186BD429F8B056009B410C /* Food.swift in Sources */ = {isa = PBXBuildFile; fileRef = 80186BD329F8B056009B410C /* Food.swift */; };
		80186BD629F8B9DA009B410C /* AddNewFoodItemViewController.swift in Sources */ = {isa = PBXBuildFile; fileRef = 80186BD529F8B9DA009B410C /* AddNewFoodItemViewController.swift */; };
		80186BD829F8BB59009B410C /* UIViewController+displayMessage.swift in Sources */ = {isa = PBXBuildFile; fileRef = 80186BD729F8BB59009B410C /* UIViewController+displayMessage.swift */; };
		80186BDA29F8C4E2009B410C /* UIViewController+formatDate.swift in Sources */ = {isa = PBXBuildFile; fileRef = 80186BD929F8C4E2009B410C /* UIViewController+formatDate.swift */; };
		80186BDC29F8C7ED009B410C /* AddNewFoodItemDelegate.swift in Sources */ = {isa = PBXBuildFile; fileRef = 80186BDB29F8C7ED009B410C /* AddNewFoodItemDelegate.swift */; };
		80186BDE29F8D82D009B410C /* RecipeSearchTableViewController.swift in Sources */ = {isa = PBXBuildFile; fileRef = 80186BDD29F8D82D009B410C /* RecipeSearchTableViewController.swift */; };
		8025C5072A01C4C5005C381F /* FoodDetailsViewController.swift in Sources */ = {isa = PBXBuildFile; fileRef = 8025C5062A01C4C5005C381F /* FoodDetailsViewController.swift */; };
		8025C5092A01C93E005C381F /* UpdateFoodItemDelegate.swift in Sources */ = {isa = PBXBuildFile; fileRef = 8025C5082A01C93E005C381F /* UpdateFoodItemDelegate.swift */; };
/* End PBXBuildFile section */

/* Begin PBXFileReference section */
		80186BBA29F8AA01009B410C /* FIT3178-Crumbless.app */ = {isa = PBXFileReference; explicitFileType = wrapper.application; includeInIndex = 0; path = "FIT3178-Crumbless.app"; sourceTree = BUILT_PRODUCTS_DIR; };
		80186BBD29F8AA01009B410C /* AppDelegate.swift */ = {isa = PBXFileReference; lastKnownFileType = sourcecode.swift; path = AppDelegate.swift; sourceTree = "<group>"; };
		80186BBF29F8AA01009B410C /* SceneDelegate.swift */ = {isa = PBXFileReference; lastKnownFileType = sourcecode.swift; path = SceneDelegate.swift; sourceTree = "<group>"; };
		80186BC129F8AA01009B410C /* ViewController.swift */ = {isa = PBXFileReference; lastKnownFileType = sourcecode.swift; path = ViewController.swift; sourceTree = "<group>"; };
		80186BC429F8AA01009B410C /* Base */ = {isa = PBXFileReference; lastKnownFileType = file.storyboard; name = Base; path = Base.lproj/Main.storyboard; sourceTree = "<group>"; };
		80186BC629F8AA02009B410C /* Assets.xcassets */ = {isa = PBXFileReference; lastKnownFileType = folder.assetcatalog; path = Assets.xcassets; sourceTree = "<group>"; };
		80186BC929F8AA02009B410C /* Base */ = {isa = PBXFileReference; lastKnownFileType = file.storyboard; name = Base; path = Base.lproj/LaunchScreen.storyboard; sourceTree = "<group>"; };
		80186BCB29F8AA02009B410C /* Info.plist */ = {isa = PBXFileReference; lastKnownFileType = text.plist.xml; path = Info.plist; sourceTree = "<group>"; };
		80186BD129F8AF39009B410C /* FoodListTableViewController.swift */ = {isa = PBXFileReference; lastKnownFileType = sourcecode.swift; path = FoodListTableViewController.swift; sourceTree = "<group>"; };
		80186BD329F8B056009B410C /* Food.swift */ = {isa = PBXFileReference; lastKnownFileType = sourcecode.swift; path = Food.swift; sourceTree = "<group>"; };
		80186BD529F8B9DA009B410C /* AddNewFoodItemViewController.swift */ = {isa = PBXFileReference; lastKnownFileType = sourcecode.swift; path = AddNewFoodItemViewController.swift; sourceTree = "<group>"; };
		80186BD729F8BB59009B410C /* UIViewController+displayMessage.swift */ = {isa = PBXFileReference; lastKnownFileType = sourcecode.swift; path = "UIViewController+displayMessage.swift"; sourceTree = "<group>"; };
		80186BD929F8C4E2009B410C /* UIViewController+formatDate.swift */ = {isa = PBXFileReference; lastKnownFileType = sourcecode.swift; path = "UIViewController+formatDate.swift"; sourceTree = "<group>"; };
		80186BDB29F8C7ED009B410C /* AddNewFoodItemDelegate.swift */ = {isa = PBXFileReference; lastKnownFileType = sourcecode.swift; path = AddNewFoodItemDelegate.swift; sourceTree = "<group>"; };
		80186BDD29F8D82D009B410C /* RecipeSearchTableViewController.swift */ = {isa = PBXFileReference; lastKnownFileType = sourcecode.swift; path = RecipeSearchTableViewController.swift; sourceTree = "<group>"; };
		8025C5062A01C4C5005C381F /* FoodDetailsViewController.swift */ = {isa = PBXFileReference; lastKnownFileType = sourcecode.swift; path = FoodDetailsViewController.swift; sourceTree = "<group>"; };
		8025C5082A01C93E005C381F /* UpdateFoodItemDelegate.swift */ = {isa = PBXFileReference; lastKnownFileType = sourcecode.swift; path = UpdateFoodItemDelegate.swift; sourceTree = "<group>"; };
/* End PBXFileReference section */

/* Begin PBXFrameworksBuildPhase section */
		80186BB729F8AA01009B410C /* Frameworks */ = {
			isa = PBXFrameworksBuildPhase;
			buildActionMask = 2147483647;
			files = (
			);
			runOnlyForDeploymentPostprocessing = 0;
		};
/* End PBXFrameworksBuildPhase section */

/* Begin PBXGroup section */
		80186BB129F8AA01009B410C = {
			isa = PBXGroup;
			children = (
				80186BBC29F8AA01009B410C /* FIT3178-Crumbless */,
				80186BBB29F8AA01009B410C /* Products */,
			);
			sourceTree = "<group>";
		};
		80186BBB29F8AA01009B410C /* Products */ = {
			isa = PBXGroup;
			children = (
				80186BBA29F8AA01009B410C /* FIT3178-Crumbless.app */,
			);
			name = Products;
			sourceTree = "<group>";
		};
		80186BBC29F8AA01009B410C /* FIT3178-Crumbless */ = {
			isa = PBXGroup;
			children = (
				80186BBD29F8AA01009B410C /* AppDelegate.swift */,
				80186BBF29F8AA01009B410C /* SceneDelegate.swift */,
				80186BC129F8AA01009B410C /* ViewController.swift */,
				80186BD729F8BB59009B410C /* UIViewController+displayMessage.swift */,
				80186BD929F8C4E2009B410C /* UIViewController+formatDate.swift */,
				80186BC329F8AA01009B410C /* Main.storyboard */,
				80186BC629F8AA02009B410C /* Assets.xcassets */,
				80186BC829F8AA02009B410C /* LaunchScreen.storyboard */,
				80186BCB29F8AA02009B410C /* Info.plist */,
				80186BD329F8B056009B410C /* Food.swift */,
				80186BD129F8AF39009B410C /* FoodListTableViewController.swift */,
				80186BD529F8B9DA009B410C /* AddNewFoodItemViewController.swift */,
				80186BDB29F8C7ED009B410C /* AddNewFoodItemDelegate.swift */,
				80186BDD29F8D82D009B410C /* RecipeSearchTableViewController.swift */,
				8025C5062A01C4C5005C381F /* FoodDetailsViewController.swift */,
				8025C5082A01C93E005C381F /* UpdateFoodItemDelegate.swift */,
			);
			path = "FIT3178-Crumbless";
			sourceTree = "<group>";
		};
/* End PBXGroup section */

/* Begin PBXNativeTarget section */
		80186BB929F8AA01009B410C /* FIT3178-Crumbless */ = {
			isa = PBXNativeTarget;
			buildConfigurationList = 80186BCE29F8AA02009B410C /* Build configuration list for PBXNativeTarget "FIT3178-Crumbless" */;
			buildPhases = (
				80186BB629F8AA01009B410C /* Sources */,
				80186BB729F8AA01009B410C /* Frameworks */,
				80186BB829F8AA01009B410C /* Resources */,
			);
			buildRules = (
			);
			dependencies = (
			);
			name = "FIT3178-Crumbless";
			productName = "FIT3178-Crumbless";
			productReference = 80186BBA29F8AA01009B410C /* FIT3178-Crumbless.app */;
			productType = "com.apple.product-type.application";
		};
/* End PBXNativeTarget section */

/* Begin PBXProject section */
		80186BB229F8AA01009B410C /* Project object */ = {
			isa = PBXProject;
			attributes = {
				BuildIndependentTargetsInParallel = 1;
				LastSwiftUpdateCheck = 1420;
				LastUpgradeCheck = 1420;
				TargetAttributes = {
					80186BB929F8AA01009B410C = {
						CreatedOnToolsVersion = 14.2;
					};
				};
			};
			buildConfigurationList = 80186BB529F8AA01009B410C /* Build configuration list for PBXProject "FIT3178-Crumbless" */;
			compatibilityVersion = "Xcode 14.0";
			developmentRegion = en;
			hasScannedForEncodings = 0;
			knownRegions = (
				en,
				Base,
			);
			mainGroup = 80186BB129F8AA01009B410C;
			productRefGroup = 80186BBB29F8AA01009B410C /* Products */;
			projectDirPath = "";
			projectRoot = "";
			targets = (
				80186BB929F8AA01009B410C /* FIT3178-Crumbless */,
			);
		};
/* End PBXProject section */

/* Begin PBXResourcesBuildPhase section */
		80186BB829F8AA01009B410C /* Resources */ = {
			isa = PBXResourcesBuildPhase;
			buildActionMask = 2147483647;
			files = (
				80186BCA29F8AA02009B410C /* LaunchScreen.storyboard in Resources */,
				80186BC729F8AA02009B410C /* Assets.xcassets in Resources */,
				80186BC529F8AA01009B410C /* Main.storyboard in Resources */,
			);
			runOnlyForDeploymentPostprocessing = 0;
		};
/* End PBXResourcesBuildPhase section */

/* Begin PBXSourcesBuildPhase section */
		80186BB629F8AA01009B410C /* Sources */ = {
			isa = PBXSourcesBuildPhase;
			buildActionMask = 2147483647;
			files = (
				8025C5092A01C93E005C381F /* UpdateFoodItemDelegate.swift in Sources */,
				80186BC229F8AA01009B410C /* ViewController.swift in Sources */,
				80186BDE29F8D82D009B410C /* RecipeSearchTableViewController.swift in Sources */,
				80186BDA29F8C4E2009B410C /* UIViewController+formatDate.swift in Sources */,
				8025C5072A01C4C5005C381F /* FoodDetailsViewController.swift in Sources */,
				80186BD229F8AF39009B410C /* FoodListTableViewController.swift in Sources */,
				80186BD429F8B056009B410C /* Food.swift in Sources */,
				80186BBE29F8AA01009B410C /* AppDelegate.swift in Sources */,
				80186BD829F8BB59009B410C /* UIViewController+displayMessage.swift in Sources */,
				80186BD629F8B9DA009B410C /* AddNewFoodItemViewController.swift in Sources */,
				80186BC029F8AA01009B410C /* SceneDelegate.swift in Sources */,
				80186BDC29F8C7ED009B410C /* AddNewFoodItemDelegate.swift in Sources */,
			);
			runOnlyForDeploymentPostprocessing = 0;
		};
/* End PBXSourcesBuildPhase section */

/* Begin PBXVariantGroup section */
		80186BC329F8AA01009B410C /* Main.storyboard */ = {
			isa = PBXVariantGroup;
			children = (
				80186BC429F8AA01009B410C /* Base */,
			);
			name = Main.storyboard;
			sourceTree = "<group>";
		};
		80186BC829F8AA02009B410C /* LaunchScreen.storyboard */ = {
			isa = PBXVariantGroup;
			children = (
				80186BC929F8AA02009B410C /* Base */,
			);
			name = LaunchScreen.storyboard;
			sourceTree = "<group>";
		};
/* End PBXVariantGroup section */

/* Begin XCBuildConfiguration section */
		80186BCC29F8AA02009B410C /* Debug */ = {
			isa = XCBuildConfiguration;
			buildSettings = {
				ALWAYS_SEARCH_USER_PATHS = NO;
				CLANG_ANALYZER_NONNULL = YES;
				CLANG_ANALYZER_NUMBER_OBJECT_CONVERSION = YES_AGGRESSIVE;
				CLANG_CXX_LANGUAGE_STANDARD = "gnu++20";
				CLANG_ENABLE_MODULES = YES;
				CLANG_ENABLE_OBJC_ARC = YES;
				CLANG_ENABLE_OBJC_WEAK = YES;
				CLANG_WARN_BLOCK_CAPTURE_AUTORELEASING = YES;
				CLANG_WARN_BOOL_CONVERSION = YES;
				CLANG_WARN_COMMA = YES;
				CLANG_WARN_CONSTANT_CONVERSION = YES;
				CLANG_WARN_DEPRECATED_OBJC_IMPLEMENTATIONS = YES;
				CLANG_WARN_DIRECT_OBJC_ISA_USAGE = YES_ERROR;
				CLANG_WARN_DOCUMENTATION_COMMENTS = YES;
				CLANG_WARN_EMPTY_BODY = YES;
				CLANG_WARN_ENUM_CONVERSION = YES;
				CLANG_WARN_INFINITE_RECURSION = YES;
				CLANG_WARN_INT_CONVERSION = YES;
				CLANG_WARN_NON_LITERAL_NULL_CONVERSION = YES;
				CLANG_WARN_OBJC_IMPLICIT_RETAIN_SELF = YES;
				CLANG_WARN_OBJC_LITERAL_CONVERSION = YES;
				CLANG_WARN_OBJC_ROOT_CLASS = YES_ERROR;
				CLANG_WARN_QUOTED_INCLUDE_IN_FRAMEWORK_HEADER = YES;
				CLANG_WARN_RANGE_LOOP_ANALYSIS = YES;
				CLANG_WARN_STRICT_PROTOTYPES = YES;
				CLANG_WARN_SUSPICIOUS_MOVE = YES;
				CLANG_WARN_UNGUARDED_AVAILABILITY = YES_AGGRESSIVE;
				CLANG_WARN_UNREACHABLE_CODE = YES;
				CLANG_WARN__DUPLICATE_METHOD_MATCH = YES;
				COPY_PHASE_STRIP = NO;
				DEBUG_INFORMATION_FORMAT = dwarf;
				ENABLE_STRICT_OBJC_MSGSEND = YES;
				ENABLE_TESTABILITY = YES;
				GCC_C_LANGUAGE_STANDARD = gnu11;
				GCC_DYNAMIC_NO_PIC = NO;
				GCC_NO_COMMON_BLOCKS = YES;
				GCC_OPTIMIZATION_LEVEL = 0;
				GCC_PREPROCESSOR_DEFINITIONS = (
					"DEBUG=1",
					"$(inherited)",
				);
				GCC_WARN_64_TO_32_BIT_CONVERSION = YES;
				GCC_WARN_ABOUT_RETURN_TYPE = YES_ERROR;
				GCC_WARN_UNDECLARED_SELECTOR = YES;
				GCC_WARN_UNINITIALIZED_AUTOS = YES_AGGRESSIVE;
				GCC_WARN_UNUSED_FUNCTION = YES;
				GCC_WARN_UNUSED_VARIABLE = YES;
				IPHONEOS_DEPLOYMENT_TARGET = 16.2;
				MTL_ENABLE_DEBUG_INFO = INCLUDE_SOURCE;
				MTL_FAST_MATH = YES;
				ONLY_ACTIVE_ARCH = YES;
				SDKROOT = iphoneos;
				SWIFT_ACTIVE_COMPILATION_CONDITIONS = DEBUG;
				SWIFT_OPTIMIZATION_LEVEL = "-Onone";
			};
			name = Debug;
		};
		80186BCD29F8AA02009B410C /* Release */ = {
			isa = XCBuildConfiguration;
			buildSettings = {
				ALWAYS_SEARCH_USER_PATHS = NO;
				CLANG_ANALYZER_NONNULL = YES;
				CLANG_ANALYZER_NUMBER_OBJECT_CONVERSION = YES_AGGRESSIVE;
				CLANG_CXX_LANGUAGE_STANDARD = "gnu++20";
				CLANG_ENABLE_MODULES = YES;
				CLANG_ENABLE_OBJC_ARC = YES;
				CLANG_ENABLE_OBJC_WEAK = YES;
				CLANG_WARN_BLOCK_CAPTURE_AUTORELEASING = YES;
				CLANG_WARN_BOOL_CONVERSION = YES;
				CLANG_WARN_COMMA = YES;
				CLANG_WARN_CONSTANT_CONVERSION = YES;
				CLANG_WARN_DEPRECATED_OBJC_IMPLEMENTATIONS = YES;
				CLANG_WARN_DIRECT_OBJC_ISA_USAGE = YES_ERROR;
				CLANG_WARN_DOCUMENTATION_COMMENTS = YES;
				CLANG_WARN_EMPTY_BODY = YES;
				CLANG_WARN_ENUM_CONVERSION = YES;
				CLANG_WARN_INFINITE_RECURSION = YES;
				CLANG_WARN_INT_CONVERSION = YES;
				CLANG_WARN_NON_LITERAL_NULL_CONVERSION = YES;
				CLANG_WARN_OBJC_IMPLICIT_RETAIN_SELF = YES;
				CLANG_WARN_OBJC_LITERAL_CONVERSION = YES;
				CLANG_WARN_OBJC_ROOT_CLASS = YES_ERROR;
				CLANG_WARN_QUOTED_INCLUDE_IN_FRAMEWORK_HEADER = YES;
				CLANG_WARN_RANGE_LOOP_ANALYSIS = YES;
				CLANG_WARN_STRICT_PROTOTYPES = YES;
				CLANG_WARN_SUSPICIOUS_MOVE = YES;
				CLANG_WARN_UNGUARDED_AVAILABILITY = YES_AGGRESSIVE;
				CLANG_WARN_UNREACHABLE_CODE = YES;
				CLANG_WARN__DUPLICATE_METHOD_MATCH = YES;
				COPY_PHASE_STRIP = NO;
				DEBUG_INFORMATION_FORMAT = "dwarf-with-dsym";
				ENABLE_NS_ASSERTIONS = NO;
				ENABLE_STRICT_OBJC_MSGSEND = YES;
				GCC_C_LANGUAGE_STANDARD = gnu11;
				GCC_NO_COMMON_BLOCKS = YES;
				GCC_WARN_64_TO_32_BIT_CONVERSION = YES;
				GCC_WARN_ABOUT_RETURN_TYPE = YES_ERROR;
				GCC_WARN_UNDECLARED_SELECTOR = YES;
				GCC_WARN_UNINITIALIZED_AUTOS = YES_AGGRESSIVE;
				GCC_WARN_UNUSED_FUNCTION = YES;
				GCC_WARN_UNUSED_VARIABLE = YES;
				IPHONEOS_DEPLOYMENT_TARGET = 16.2;
				MTL_ENABLE_DEBUG_INFO = NO;
				MTL_FAST_MATH = YES;
				SDKROOT = iphoneos;
				SWIFT_COMPILATION_MODE = wholemodule;
				SWIFT_OPTIMIZATION_LEVEL = "-O";
				VALIDATE_PRODUCT = YES;
			};
			name = Release;
		};
		80186BCF29F8AA02009B410C /* Debug */ = {
			isa = XCBuildConfiguration;
			buildSettings = {
				ASSETCATALOG_COMPILER_APPICON_NAME = AppIcon;
				ASSETCATALOG_COMPILER_GLOBAL_ACCENT_COLOR_NAME = AccentColor;
				CODE_SIGN_STYLE = Automatic;
				CURRENT_PROJECT_VERSION = 1;
				GENERATE_INFOPLIST_FILE = YES;
				INFOPLIST_FILE = "FIT3178-Crumbless/Info.plist";
				INFOPLIST_KEY_UIApplicationSupportsIndirectInputEvents = YES;
				INFOPLIST_KEY_UILaunchStoryboardName = LaunchScreen;
				INFOPLIST_KEY_UIMainStoryboardFile = Main;
				INFOPLIST_KEY_UISupportedInterfaceOrientations_iPad = "UIInterfaceOrientationPortrait UIInterfaceOrientationPortraitUpsideDown UIInterfaceOrientationLandscapeLeft UIInterfaceOrientationLandscapeRight";
				INFOPLIST_KEY_UISupportedInterfaceOrientations_iPhone = "UIInterfaceOrientationPortrait UIInterfaceOrientationLandscapeLeft UIInterfaceOrientationLandscapeRight";
				LD_RUNPATH_SEARCH_PATHS = (
					"$(inherited)",
					"@executable_path/Frameworks",
				);
				MARKETING_VERSION = 1.0;
				PRODUCT_BUNDLE_IDENTIFIER = "edu.monash.FIT3178-Crumbless";
				PRODUCT_NAME = "$(TARGET_NAME)";
				SWIFT_EMIT_LOC_STRINGS = YES;
				SWIFT_VERSION = 5.0;
				TARGETED_DEVICE_FAMILY = "1,2";
			};
			name = Debug;
		};
		80186BD029F8AA02009B410C /* Release */ = {
			isa = XCBuildConfiguration;
			buildSettings = {
				ASSETCATALOG_COMPILER_APPICON_NAME = AppIcon;
				ASSETCATALOG_COMPILER_GLOBAL_ACCENT_COLOR_NAME = AccentColor;
				CODE_SIGN_STYLE = Automatic;
				CURRENT_PROJECT_VERSION = 1;
				GENERATE_INFOPLIST_FILE = YES;
				INFOPLIST_FILE = "FIT3178-Crumbless/Info.plist";
				INFOPLIST_KEY_UIApplicationSupportsIndirectInputEvents = YES;
				INFOPLIST_KEY_UILaunchStoryboardName = LaunchScreen;
				INFOPLIST_KEY_UIMainStoryboardFile = Main;
				INFOPLIST_KEY_UISupportedInterfaceOrientations_iPad = "UIInterfaceOrientationPortrait UIInterfaceOrientationPortraitUpsideDown UIInterfaceOrientationLandscapeLeft UIInterfaceOrientationLandscapeRight";
				INFOPLIST_KEY_UISupportedInterfaceOrientations_iPhone = "UIInterfaceOrientationPortrait UIInterfaceOrientationLandscapeLeft UIInterfaceOrientationLandscapeRight";
				LD_RUNPATH_SEARCH_PATHS = (
					"$(inherited)",
					"@executable_path/Frameworks",
				);
				MARKETING_VERSION = 1.0;
				PRODUCT_BUNDLE_IDENTIFIER = "edu.monash.FIT3178-Crumbless";
				PRODUCT_NAME = "$(TARGET_NAME)";
				SWIFT_EMIT_LOC_STRINGS = YES;
				SWIFT_VERSION = 5.0;
				TARGETED_DEVICE_FAMILY = "1,2";
			};
			name = Release;
		};
/* End XCBuildConfiguration section */

/* Begin XCConfigurationList section */
		80186BB529F8AA01009B410C /* Build configuration list for PBXProject "FIT3178-Crumbless" */ = {
			isa = XCConfigurationList;
			buildConfigurations = (
				80186BCC29F8AA02009B410C /* Debug */,
				80186BCD29F8AA02009B410C /* Release */,
			);
			defaultConfigurationIsVisible = 0;
			defaultConfigurationName = Release;
		};
		80186BCE29F8AA02009B410C /* Build configuration list for PBXNativeTarget "FIT3178-Crumbless" */ = {
			isa = XCConfigurationList;
			buildConfigurations = (
				80186BCF29F8AA02009B410C /* Debug */,
				80186BD029F8AA02009B410C /* Release */,
			);
			defaultConfigurationIsVisible = 0;
			defaultConfigurationName = Release;
		};
/* End XCConfigurationList section */
	};
	rootObject = 80186BB229F8AA01009B410C /* Project object */;
}
